
Microsoft Visual Studio Solution File, Format Version 12.00
# Visual Studio Version 17
VisualStudioVersion = 17.11.35327.3
MinimumVisualStudioVersion = 10.0.40219.1
Project("{FAE04EC0-301F-11D3-BF4B-00C04F79EFBC}") = "Sudoku_compi", "Sudoku_compi\Sudoku_compi.csproj", "{164C165B-FD18-4C16-8D9A-650F97BE3BBE}"
EndProject
Global
	GlobalSection(SolutionConfigurationPlatforms) = preSolution
		Debug|Any CPU = Debug|Any CPU
		Release|Any CPU = Release|Any CPU
	EndGlobalSection
	GlobalSection(ProjectConfigurationPlatforms) = postSolution
		{164C165B-FD18-4C16-8D9A-650F97BE3BBE}.Debug|Any CPU.ActiveCfg = Debug|Any CPU
		{164C165B-FD18-4C16-8D9A-650F97BE3BBE}.Debug|Any CPU.Build.0 = Debug|Any CPU
		{164C165B-FD18-4C16-8D9A-650F97BE3BBE}.Release|Any CPU.ActiveCfg = Release|Any CPU
		{164C165B-FD18-4C16-8D9A-650F97BE3BBE}.Release|Any CPU.Build.0 = Release|Any CPU
	EndGlobalSection
	GlobalSection(SolutionProperties) = preSolution
		HideSolutionNode = FALSE
	EndGlobalSection
	GlobalSection(ExtensibilityGlobals) = postSolution
		SolutionGuid = {25BC0E78-B6E8-47EE-AC97-9E21663E4D9B}
	EndGlobalSection
EndGlobal
